<?xml version="1.0" encoding="utf-8"?>
<Project ToolsVersion="4.0" xmlns="http://schemas.microsoft.com/developer/msbuild/2003">
  <ItemGroup>
    <Filter Include="Source Files">
      <UniqueIdentifier>{4FC737F1-C7A5-4376-A066-2A32D752A2FF}</UniqueIdentifier>
      <Extensions>cpp;c;cc;cxx;c++;cppm;ixx;def;odl;idl;hpj;bat;asm;asmx</Extensions>
    </Filter>
    <Filter Include="Header Files">
      <UniqueIdentifier>{93995380-89BD-4b04-88EB-625FBE52EBFB}</UniqueIdentifier>
      <Extensions>h;hh;hpp;hxx;h++;hm;inl;inc;ipp;xsd</Extensions>
    </Filter>
    <Filter Include="Resource Files">
      <UniqueIdentifier>{67DA6AB6-F800-4c08-8B7A-83BB121AAD01}</UniqueIdentifier>
      <Extensions>rc;ico;cur;bmp;dlg;rc2;rct;bin;rgs;gif;jpg;jpeg;jpe;resx;tiff;tif;png;wav;mfcribbon-ms</Extensions>
    </Filter>
    <Filter Include="Resource Files\Shaders">
      <UniqueIdentifier>{d1749d43-063e-486e-b2a6-32118bf13e70}</UniqueIdentifier>
    </Filter>
    <Filter Include="Resource Files\Textures">
      <UniqueIdentifier>{3b8f3ca4-cd84-415a-bab3-5242c3d2de21}</UniqueIdentifier>
    </Filter>
    <Filter Include="Resource Files\Textures\Skybox">
      <UniqueIdentifier>{b9101db6-54d3-4814-8f38-f2dbb63483f9}</UniqueIdentifier>
    </Filter>
  </ItemGroup>
  <ItemGroup>
    <ClCompile Include="glad.c">
      <Filter>Source Files</Filter>
    </ClCompile>
    <ClCompile Include="main.cpp">
      <Filter>Source Files</Filter>
    </ClCompile>
    <ClCompile Include="Shader.cpp">
      <Filter>Source Files</Filter>
    </ClCompile>
    <ClCompile Include="VBO.cpp">
      <Filter>Source Files</Filter>
    </ClCompile>
    <ClCompile Include="EBO.cpp">
      <Filter>Source Files</Filter>
    </ClCompile>
    <ClCompile Include="VAO.cpp">
      <Filter>Source Files</Filter>
    </ClCompile>
    <ClCompile Include="stb.cpp">
      <Filter>Source Files</Filter>
    </ClCompile>
    <ClCompile Include="Texture.cpp">
      <Filter>Source Files</Filter>
    </ClCompile>
    <ClCompile Include="Camera.cpp">
      <Filter>Source Files</Filter>
    </ClCompile>
    <ClCompile Include="Mesh.cpp">
      <Filter>Source Files</Filter>
    </ClCompile>
    <ClCompile Include="Model.cpp">
      <Filter>Source Files</Filter>
    </ClCompile>
    <ClCompile Include="Display.cpp">
      <Filter>Source Files</Filter>
    </ClCompile>
    <ClCompile Include="CubeMap.cpp">
      <Filter>Source Files</Filter>
    </ClCompile>
    <ClCompile Include="Skybox.cpp">
      <Filter>Source Files</Filter>
    </ClCompile>
    <ClCompile Include="FBO.cpp">
      <Filter>Source Files</Filter>
    </ClCompile>
    <ClCompile Include="RBO.cpp">
      <Filter>Source Files</Filter>
    </ClCompile>
    <ClCompile Include="Font.cpp">
      <Filter>Source Files</Filter>
    </ClCompile>
    <ClCompile Include="Terminal.cpp">
      <Filter>Source Files</Filter>
    </ClCompile>
    <ClCompile Include="TTTengine.cpp">
      <Filter>Source Files</Filter>
    </ClCompile>
    <ClCompile Include="TTTcog.cpp">
      <Filter>Source Files</Filter>
    </ClCompile>
  </ItemGroup>
  <ItemGroup>
    <ClInclude Include="main.h">
      <Filter>Header Files</Filter>
    </ClInclude>
    <ClInclude Include="Shader.h">
      <Filter>Header Files</Filter>
    </ClInclude>
    <ClInclude Include="VBO.h">
      <Filter>Header Files</Filter>
    </ClInclude>
    <ClInclude Include="EBO.h">
      <Filter>Header Files</Filter>
    </ClInclude>
    <ClInclude Include="VAO.h">
      <Filter>Header Files</Filter>
    </ClInclude>
    <ClInclude Include="Texture.h">
      <Filter>Header Files</Filter>
    </ClInclude>
    <ClInclude Include="Camera.h">
      <Filter>Header Files</Filter>
    </ClInclude>
    <ClInclude Include="Mesh.h">
      <Filter>Header Files</Filter>
    </ClInclude>
    <ClInclude Include="Model.h">
      <Filter>Header Files</Filter>
    </ClInclude>
    <ClInclude Include="Display.h">
      <Filter>Header Files</Filter>
    </ClInclude>
    <ClInclude Include="CubeMap.h">
      <Filter>Header Files</Filter>
    </ClInclude>
    <ClInclude Include="Skybox.h">
      <Filter>Header Files</Filter>
    </ClInclude>
    <ClInclude Include="FBO.h">
      <Filter>Header Files</Filter>
    </ClInclude>
    <ClInclude Include="TTT.h">
      <Filter>Header Files</Filter>
    </ClInclude>
    <ClInclude Include="RBO.h">
      <Filter>Header Files</Filter>
    </ClInclude>
    <ClInclude Include="Font.h">
      <Filter>Header Files</Filter>
    </ClInclude>
    <ClInclude Include="Terminal.h">
      <Filter>Header Files</Filter>
    </ClInclude>
    <ClInclude Include="TTTengine.h">
      <Filter>Header Files</Filter>
    </ClInclude>
    <ClInclude Include="TTTcog.h">
      <Filter>Header Files</Filter>
    </ClInclude>
  </ItemGroup>
  <ItemGroup>
    <Image Include="Textures\cat2.png">
      <Filter>Resource Files\Textures</Filter>
    </Image>
    <Image Include="Textures\cat2_specular.png">
      <Filter>Resource Files\Textures</Filter>
    </Image>
    <Image Include="Textures\planks.png">
      <Filter>Resource Files\Textures</Filter>
    </Image>
    <Image Include="Textures\planksSpec.png">
      <Filter>Resource Files\Textures</Filter>
    </Image>
    <Image Include="Textures\Skybox\back.png">
      <Filter>Resource Files\Textures\Skybox</Filter>
    </Image>
    <Image Include="Textures\Skybox\bottom.png">
      <Filter>Resource Files\Textures\Skybox</Filter>
    </Image>
    <Image Include="Textures\Skybox\front.png">
      <Filter>Resource Files\Textures\Skybox</Filter>
    </Image>
    <Image Include="Textures\Skybox\left.png">
      <Filter>Resource Files\Textures\Skybox</Filter>
    </Image>
    <Image Include="Textures\Skybox\right.png">
      <Filter>Resource Files\Textures\Skybox</Filter>
    </Image>
    <Image Include="Textures\Skybox\top.png">
      <Filter>Resource Files\Textures\Skybox</Filter>
    </Image>
  </ItemGroup>
  <ItemGroup>
    <None Include="Shaders\default.vert">
      <Filter>Resource Files\Shaders</Filter>
    </None>
    <None Include="Shaders\framebuffer.frag">
      <Filter>Resource Files\Shaders</Filter>
    </None>
    <None Include="Shaders\framebuffer.vert">
      <Filter>Resource Files\Shaders</Filter>
    </None>
    <None Include="Shaders\default.frag">
      <Filter>Resource Files\Shaders</Filter>
    </None>
    <None Include="Shaders\default.geom">
      <Filter>Resource Files\Shaders</Filter>
    </None>
    <None Include="Shaders\skybox.vert">
      <Filter>Resource Files\Shaders</Filter>
    </None>
    <None Include="Shaders\skybox.frag">
      <Filter>Resource Files\Shaders</Filter>
    </None>
    <None Include="Shaders\shadow.frag">
      <Filter>Resource Files\Shaders</Filter>
    </None>
    <None Include="Shaders\shadow.vert">
      <Filter>Resource Files\Shaders</Filter>
    </None>
    <None Include="Shaders\shadowCubemap.vert">
      <Filter>Resource Files\Shaders</Filter>
    </None>
    <None Include="Shaders\shadowCubemap.geom">
      <Filter>Resource Files\Shaders</Filter>
    </None>
    <None Include="Shaders\shadowCubemap.frag">
      <Filter>Resource Files\Shaders</Filter>
    </None>
    <None Include="Shaders\wireframe.frag">
      <Filter>Resource Files\Shaders</Filter>
    </None>
    <None Include="Shaders\wireframe.geom">
      <Filter>Resource Files\Shaders</Filter>
    </None>
    <None Include="Shaders\font.frag">
      <Filter>Resource Files\Shaders</Filter>
    </None>
    <None Include="Shaders\font.vert">
      <Filter>Resource Files\Shaders</Filter>
    </None>
  </ItemGroup>
</Project>